
Microsoft Visual Studio Solution File, Format Version 12.00
# Visual Studio Version 16
VisualStudioVersion = 16.0.30523.141
MinimumVisualStudioVersion = 10.0.40219.1
Project("{FAE04EC0-301F-11D3-BF4B-00C04F79EFBC}") = "SkiRental", "SkiRental\SkiRental.csproj", "{E687C190-8659-4B4D-BDF5-8996C7C98003}"
EndProject
Global
	GlobalSection(SolutionConfigurationPlatforms) = preSolution
		Debug|Any CPU = Debug|Any CPU
		Release|Any CPU = Release|Any CPU
	EndGlobalSection
	GlobalSection(ProjectConfigurationPlatforms) = postSolution
		{E687C190-8659-4B4D-BDF5-8996C7C98003}.Debug|Any CPU.ActiveCfg = Debug|Any CPU
		{E687C190-8659-4B4D-BDF5-8996C7C98003}.Debug|Any CPU.Build.0 = Debug|Any CPU
		{E687C190-8659-4B4D-BDF5-8996C7C98003}.Release|Any CPU.ActiveCfg = Release|Any CPU
		{E687C190-8659-4B4D-BDF5-8996C7C98003}.Release|Any CPU.Build.0 = Release|Any CPU
	EndGlobalSection
	GlobalSection(SolutionProperties) = preSolution
		HideSolutionNode = FALSE
	EndGlobalSection
	GlobalSection(ExtensibilityGlobals) = postSolution
		SolutionGuid = {043DEF32-DB21-43B1-B4BD-69C4A59AE847}
	EndGlobalSection
EndGlobal
