
Microsoft Visual Studio Solution File, Format Version 12.00
# Visual Studio Version 16
VisualStudioVersion = 16.0.30523.141
MinimumVisualStudioVersion = 10.0.40219.1
Project("{9A19103F-16F7-4668-BE54-9A1E7A4F7556}") = "SkiRental.Program", "SkiRental\SkiRental.Program.csproj", "{E687C190-8659-4B4D-BDF5-8996C7C98003}"
EndProject
Project("{FAE04EC0-301F-11D3-BF4B-00C04F79EFBC}") = "SkiRental.Repository", "SkiRental.Repository\SkiRental.Repository.csproj", "{9D05D1D2-A449-49FD-ACFF-F30EF1F149C3}"
EndProject
Project("{FAE04EC0-301F-11D3-BF4B-00C04F79EFBC}") = "SkiRental.Data", "SkiRental.Data\SkiRental.Data.csproj", "{0AD8D551-3A2D-4641-BE31-0614F81B6BE9}"
EndProject
Project("{FAE04EC0-301F-11D3-BF4B-00C04F79EFBC}") = "SkiRental.Logic", "SkiRental.Logic\SkiRental.Logic.csproj", "{20174677-43D9-4F25-9258-065078BBAC48}"
EndProject
Project("{FAE04EC0-301F-11D3-BF4B-00C04F79EFBC}") = "SkiRental.Logic.Tests", "SkiRental.Logic.Tests\SkiRental.Logic.Tests.csproj", "{81FED368-4B8A-4A6C-B1F0-EB387A321630}"
EndProject
Global
	GlobalSection(SolutionConfigurationPlatforms) = preSolution
		Debug|Any CPU = Debug|Any CPU
		Release|Any CPU = Release|Any CPU
	EndGlobalSection
	GlobalSection(ProjectConfigurationPlatforms) = postSolution
		{E687C190-8659-4B4D-BDF5-8996C7C98003}.Debug|Any CPU.ActiveCfg = Debug|Any CPU
		{E687C190-8659-4B4D-BDF5-8996C7C98003}.Debug|Any CPU.Build.0 = Debug|Any CPU
		{E687C190-8659-4B4D-BDF5-8996C7C98003}.Release|Any CPU.ActiveCfg = Release|Any CPU
		{E687C190-8659-4B4D-BDF5-8996C7C98003}.Release|Any CPU.Build.0 = Release|Any CPU
		{9D05D1D2-A449-49FD-ACFF-F30EF1F149C3}.Debug|Any CPU.ActiveCfg = Debug|Any CPU
		{9D05D1D2-A449-49FD-ACFF-F30EF1F149C3}.Debug|Any CPU.Build.0 = Debug|Any CPU
		{9D05D1D2-A449-49FD-ACFF-F30EF1F149C3}.Release|Any CPU.ActiveCfg = Release|Any CPU
		{9D05D1D2-A449-49FD-ACFF-F30EF1F149C3}.Release|Any CPU.Build.0 = Release|Any CPU
		{0AD8D551-3A2D-4641-BE31-0614F81B6BE9}.Debug|Any CPU.ActiveCfg = Debug|Any CPU
		{0AD8D551-3A2D-4641-BE31-0614F81B6BE9}.Debug|Any CPU.Build.0 = Debug|Any CPU
		{0AD8D551-3A2D-4641-BE31-0614F81B6BE9}.Release|Any CPU.ActiveCfg = Release|Any CPU
		{0AD8D551-3A2D-4641-BE31-0614F81B6BE9}.Release|Any CPU.Build.0 = Release|Any CPU
		{20174677-43D9-4F25-9258-065078BBAC48}.Debug|Any CPU.ActiveCfg = Debug|Any CPU
		{20174677-43D9-4F25-9258-065078BBAC48}.Debug|Any CPU.Build.0 = Debug|Any CPU
		{20174677-43D9-4F25-9258-065078BBAC48}.Release|Any CPU.ActiveCfg = Release|Any CPU
		{20174677-43D9-4F25-9258-065078BBAC48}.Release|Any CPU.Build.0 = Release|Any CPU
		{81FED368-4B8A-4A6C-B1F0-EB387A321630}.Debug|Any CPU.ActiveCfg = Debug|Any CPU
		{81FED368-4B8A-4A6C-B1F0-EB387A321630}.Debug|Any CPU.Build.0 = Debug|Any CPU
		{81FED368-4B8A-4A6C-B1F0-EB387A321630}.Release|Any CPU.ActiveCfg = Release|Any CPU
		{81FED368-4B8A-4A6C-B1F0-EB387A321630}.Release|Any CPU.Build.0 = Release|Any CPU
	EndGlobalSection
	GlobalSection(SolutionProperties) = preSolution
		HideSolutionNode = FALSE
	EndGlobalSection
	GlobalSection(ExtensibilityGlobals) = postSolution
		SolutionGuid = {043DEF32-DB21-43B1-B4BD-69C4A59AE847}
	EndGlobalSection
EndGlobal
